// !$*UTF8*$!
{
	archiveVersion = 1;
	classes = {
	};
	objectVersion = 50;
	objects = {

/* Begin PBXBuildFile section */
		68FD02272795AD2A002E78FE /* AppDelegate.swift in Sources */ = {isa = PBXBuildFile; fileRef = 68FD02262795AD2A002E78FE /* AppDelegate.swift */; };
		68FD02292795AD2A002E78FE /* SceneDelegate.swift in Sources */ = {isa = PBXBuildFile; fileRef = 68FD02282795AD2A002E78FE /* SceneDelegate.swift */; };
		68FD022E2795AD2A002E78FE /* Main.storyboard in Resources */ = {isa = PBXBuildFile; fileRef = 68FD022C2795AD2A002E78FE /* Main.storyboard */; };
		68FD02302795AD2B002E78FE /* Assets.xcassets in Resources */ = {isa = PBXBuildFile; fileRef = 68FD022F2795AD2B002E78FE /* Assets.xcassets */; };
		68FD02332795AD2B002E78FE /* LaunchScreen.storyboard in Resources */ = {isa = PBXBuildFile; fileRef = 68FD02312795AD2B002E78FE /* LaunchScreen.storyboard */; };
		68FD02412797024A002E78FE /* TableViewController.swift in Sources */ = {isa = PBXBuildFile; fileRef = 68FD02402797024A002E78FE /* TableViewController.swift */; };
		68FD02442797029B002E78FE /* DetailViewController.swift in Sources */ = {isa = PBXBuildFile; fileRef = 68FD02432797029B002E78FE /* DetailViewController.swift */; };
		68FD0277279DB049002E78FE /* matList.swift in Sources */ = {isa = PBXBuildFile; fileRef = 68FD0276279DB049002E78FE /* matList.swift */; };
		68FD027E279E8C0D002E78FE /* MapViewController.swift in Sources */ = {isa = PBXBuildFile; fileRef = 68FD027D279E8C0D002E78FE /* MapViewController.swift */; };
/* End PBXBuildFile section */

/* Begin PBXFileReference section */
		68FD02232795AD2A002E78FE /* matDuk.app */ = {isa = PBXFileReference; explicitFileType = wrapper.application; includeInIndex = 0; path = matDuk.app; sourceTree = BUILT_PRODUCTS_DIR; };
		68FD02262795AD2A002E78FE /* AppDelegate.swift */ = {isa = PBXFileReference; lastKnownFileType = sourcecode.swift; path = AppDelegate.swift; sourceTree = "<group>"; };
		68FD02282795AD2A002E78FE /* SceneDelegate.swift */ = {isa = PBXFileReference; lastKnownFileType = sourcecode.swift; path = SceneDelegate.swift; sourceTree = "<group>"; };
		68FD022D2795AD2A002E78FE /* Base */ = {isa = PBXFileReference; lastKnownFileType = file.storyboard; name = Base; path = Base.lproj/Main.storyboard; sourceTree = "<group>"; };
		68FD022F2795AD2B002E78FE /* Assets.xcassets */ = {isa = PBXFileReference; lastKnownFileType = folder.assetcatalog; path = Assets.xcassets; sourceTree = "<group>"; };
		68FD02322795AD2B002E78FE /* Base */ = {isa = PBXFileReference; lastKnownFileType = file.storyboard; name = Base; path = Base.lproj/LaunchScreen.storyboard; sourceTree = "<group>"; };
		68FD02342795AD2B002E78FE /* Info.plist */ = {isa = PBXFileReference; lastKnownFileType = text.plist.xml; path = Info.plist; sourceTree = "<group>"; };
		68FD02402797024A002E78FE /* TableViewController.swift */ = {isa = PBXFileReference; lastKnownFileType = sourcecode.swift; path = TableViewController.swift; sourceTree = "<group>"; };
		68FD02432797029B002E78FE /* DetailViewController.swift */ = {isa = PBXFileReference; lastKnownFileType = sourcecode.swift; path = DetailViewController.swift; sourceTree = "<group>"; };
		68FD0276279DB049002E78FE /* matList.swift */ = {isa = PBXFileReference; lastKnownFileType = sourcecode.swift; path = matList.swift; sourceTree = "<group>"; };
		68FD027D279E8C0D002E78FE /* MapViewController.swift */ = {isa = PBXFileReference; lastKnownFileType = sourcecode.swift; path = MapViewController.swift; sourceTree = "<group>"; };
/* End PBXFileReference section */

/* Begin PBXFrameworksBuildPhase section */
		68FD02202795AD2A002E78FE /* Frameworks */ = {
			isa = PBXFrameworksBuildPhase;
			buildActionMask = 2147483647;
			files = (
			);
			runOnlyForDeploymentPostprocessing = 0;
		};
/* End PBXFrameworksBuildPhase section */

/* Begin PBXGroup section */
		68FD021A2795AD2A002E78FE = {
			isa = PBXGroup;
			children = (
				68FD02252795AD2A002E78FE /* matDuk */,
				68FD02242795AD2A002E78FE /* Products */,
			);
			sourceTree = "<group>";
		};
		68FD02242795AD2A002E78FE /* Products */ = {
			isa = PBXGroup;
			children = (
				68FD02232795AD2A002E78FE /* matDuk.app */,
			);
			name = Products;
			sourceTree = "<group>";
		};
		68FD02252795AD2A002E78FE /* matDuk */ = {
			isa = PBXGroup;
			children = (
				68FD02262795AD2A002E78FE /* AppDelegate.swift */,
				68FD02282795AD2A002E78FE /* SceneDelegate.swift */,
				68FD02402797024A002E78FE /* TableViewController.swift */,
				68FD0276279DB049002E78FE /* matList.swift */,
				68FD02432797029B002E78FE /* DetailViewController.swift */,
				68FD027D279E8C0D002E78FE /* MapViewController.swift */,
				68FD022C2795AD2A002E78FE /* Main.storyboard */,
				68FD022F2795AD2B002E78FE /* Assets.xcassets */,
				68FD02312795AD2B002E78FE /* LaunchScreen.storyboard */,
				68FD02342795AD2B002E78FE /* Info.plist */,
			);
			path = matDuk;
			sourceTree = "<group>";
		};
/* End PBXGroup section */

/* Begin PBXNativeTarget section */
		68FD02222795AD2A002E78FE /* matDuk */ = {
			isa = PBXNativeTarget;
			buildConfigurationList = 68FD02372795AD2B002E78FE /* Build configuration list for PBXNativeTarget "matDuk" */;
			buildPhases = (
				68FD021F2795AD2A002E78FE /* Sources */,
				68FD02202795AD2A002E78FE /* Frameworks */,
				68FD02212795AD2A002E78FE /* Resources */,
			);
			buildRules = (
			);
			dependencies = (
			);
			name = matDuk;
			productName = matDuk;
			productReference = 68FD02232795AD2A002E78FE /* matDuk.app */;
			productType = "com.apple.product-type.application";
		};
/* End PBXNativeTarget section */

/* Begin PBXProject section */
		68FD021B2795AD2A002E78FE /* Project object */ = {
			isa = PBXProject;
			attributes = {
				LastSwiftUpdateCheck = 1200;
				LastUpgradeCheck = 1200;
				TargetAttributes = {
					68FD02222795AD2A002E78FE = {
						CreatedOnToolsVersion = 12.0;
					};
				};
			};
			buildConfigurationList = 68FD021E2795AD2A002E78FE /* Build configuration list for PBXProject "matDuk" */;
			compatibilityVersion = "Xcode 9.3";
			developmentRegion = en;
			hasScannedForEncodings = 0;
			knownRegions = (
				en,
				Base,
			);
			mainGroup = 68FD021A2795AD2A002E78FE;
			productRefGroup = 68FD02242795AD2A002E78FE /* Products */;
			projectDirPath = "";
			projectRoot = "";
			targets = (
				68FD02222795AD2A002E78FE /* matDuk */,
			);
		};
/* End PBXProject section */

/* Begin PBXResourcesBuildPhase section */
		68FD02212795AD2A002E78FE /* Resources */ = {
			isa = PBXResourcesBuildPhase;
			buildActionMask = 2147483647;
			files = (
				68FD02332795AD2B002E78FE /* LaunchScreen.storyboard in Resources */,
				68FD02302795AD2B002E78FE /* Assets.xcassets in Resources */,
				68FD022E2795AD2A002E78FE /* Main.storyboard in Resources */,
			);
			runOnlyForDeploymentPostprocessing = 0;
		};
/* End PBXResourcesBuildPhase section */

/* Begin PBXSourcesBuildPhase section */
		68FD021F2795AD2A002E78FE /* Sources */ = {
			isa = PBXSourcesBuildPhase;
			buildActionMask = 2147483647;
			files = (
				68FD02272795AD2A002E78FE /* AppDelegate.swift in Sources */,
				68FD027E279E8C0D002E78FE /* MapViewController.swift in Sources */,
				68FD02442797029B002E78FE /* DetailViewController.swift in Sources */,
				68FD02292795AD2A002E78FE /* SceneDelegate.swift in Sources */,
				68FD02412797024A002E78FE /* TableViewController.swift in Sources */,
				68FD0277279DB049002E78FE /* matList.swift in Sources */,
			);
			runOnlyForDeploymentPostprocessing = 0;
		};
/* End PBXSourcesBuildPhase section */

/* Begin PBXVariantGroup section */
		68FD022C2795AD2A002E78FE /* Main.storyboard */ = {
			isa = PBXVariantGroup;
			children = (
				68FD022D2795AD2A002E78FE /* Base */,
			);
			name = Main.storyboard;
			sourceTree = "<group>";
		};
		68FD02312795AD2B002E78FE /* LaunchScreen.storyboard */ = {
			isa = PBXVariantGroup;
			children = (
				68FD02322795AD2B002E78FE /* Base */,
			);
			name = LaunchScreen.storyboard;
			sourceTree = "<group>";
		};
/* End PBXVariantGroup section */

/* Begin XCBuildConfiguration section */
		68FD02352795AD2B002E78FE /* Debug */ = {
			isa = XCBuildConfiguration;
			buildSettings = {
				ALWAYS_SEARCH_USER_PATHS = NO;
				CLANG_ANALYZER_NONNULL = YES;
				CLANG_ANALYZER_NUMBER_OBJECT_CONVERSION = YES_AGGRESSIVE;
				CLANG_CXX_LANGUAGE_STANDARD = "gnu++14";
				CLANG_CXX_LIBRARY = "libc++";
				CLANG_ENABLE_MODULES = YES;
				CLANG_ENABLE_OBJC_ARC = YES;
				CLANG_ENABLE_OBJC_WEAK = YES;
				CLANG_WARN_BLOCK_CAPTURE_AUTORELEASING = YES;
				CLANG_WARN_BOOL_CONVERSION = YES;
				CLANG_WARN_COMMA = YES;
				CLANG_WARN_CONSTANT_CONVERSION = YES;
				CLANG_WARN_DEPRECATED_OBJC_IMPLEMENTATIONS = YES;
				CLANG_WARN_DIRECT_OBJC_ISA_USAGE = YES_ERROR;
				CLANG_WARN_DOCUMENTATION_COMMENTS = YES;
				CLANG_WARN_EMPTY_BODY = YES;
				CLANG_WARN_ENUM_CONVERSION = YES;
				CLANG_WARN_INFINITE_RECURSION = YES;
				CLANG_WARN_INT_CONVERSION = YES;
				CLANG_WARN_NON_LITERAL_NULL_CONVERSION = YES;
				CLANG_WARN_OBJC_IMPLICIT_RETAIN_SELF = YES;
				CLANG_WARN_OBJC_LITERAL_CONVERSION = YES;
				CLANG_WARN_OBJC_ROOT_CLASS = YES_ERROR;
				CLANG_WARN_QUOTED_INCLUDE_IN_FRAMEWORK_HEADER = YES;
				CLANG_WARN_RANGE_LOOP_ANALYSIS = YES;
				CLANG_WARN_STRICT_PROTOTYPES = YES;
				CLANG_WARN_SUSPICIOUS_MOVE = YES;
				CLANG_WARN_UNGUARDED_AVAILABILITY = YES_AGGRESSIVE;
				CLANG_WARN_UNREACHABLE_CODE = YES;
				CLANG_WARN__DUPLICATE_METHOD_MATCH = YES;
				COPY_PHASE_STRIP = NO;
				DEBUG_INFORMATION_FORMAT = dwarf;
				ENABLE_STRICT_OBJC_MSGSEND = YES;
				ENABLE_TESTABILITY = YES;
				GCC_C_LANGUAGE_STANDARD = gnu11;
				GCC_DYNAMIC_NO_PIC = NO;
				GCC_NO_COMMON_BLOCKS = YES;
				GCC_OPTIMIZATION_LEVEL = 0;
				GCC_PREPROCESSOR_DEFINITIONS = (
					"DEBUG=1",
					"$(inherited)",
				);
				GCC_WARN_64_TO_32_BIT_CONVERSION = YES;
				GCC_WARN_ABOUT_RETURN_TYPE = YES_ERROR;
				GCC_WARN_UNDECLARED_SELECTOR = YES;
				GCC_WARN_UNINITIALIZED_AUTOS = YES_AGGRESSIVE;
				GCC_WARN_UNUSED_FUNCTION = YES;
				GCC_WARN_UNUSED_VARIABLE = YES;
				IPHONEOS_DEPLOYMENT_TARGET = 14.0;
				MTL_ENABLE_DEBUG_INFO = INCLUDE_SOURCE;
				MTL_FAST_MATH = YES;
				ONLY_ACTIVE_ARCH = YES;
				SDKROOT = iphoneos;
				SWIFT_ACTIVE_COMPILATION_CONDITIONS = DEBUG;
				SWIFT_OPTIMIZATION_LEVEL = "-Onone";
			};
			name = Debug;
		};
		68FD02362795AD2B002E78FE /* Release */ = {
			isa = XCBuildConfiguration;
			buildSettings = {
				ALWAYS_SEARCH_USER_PATHS = NO;
				CLANG_ANALYZER_NONNULL = YES;
				CLANG_ANALYZER_NUMBER_OBJECT_CONVERSION = YES_AGGRESSIVE;
				CLANG_CXX_LANGUAGE_STANDARD = "gnu++14";
				CLANG_CXX_LIBRARY = "libc++";
				CLANG_ENABLE_MODULES = YES;
				CLANG_ENABLE_OBJC_ARC = YES;
				CLANG_ENABLE_OBJC_WEAK = YES;
				CLANG_WARN_BLOCK_CAPTURE_AUTORELEASING = YES;
				CLANG_WARN_BOOL_CONVERSION = YES;
				CLANG_WARN_COMMA = YES;
				CLANG_WARN_CONSTANT_CONVERSION = YES;
				CLANG_WARN_DEPRECATED_OBJC_IMPLEMENTATIONS = YES;
				CLANG_WARN_DIRECT_OBJC_ISA_USAGE = YES_ERROR;
				CLANG_WARN_DOCUMENTATION_COMMENTS = YES;
				CLANG_WARN_EMPTY_BODY = YES;
				CLANG_WARN_ENUM_CONVERSION = YES;
				CLANG_WARN_INFINITE_RECURSION = YES;
				CLANG_WARN_INT_CONVERSION = YES;
				CLANG_WARN_NON_LITERAL_NULL_CONVERSION = YES;
				CLANG_WARN_OBJC_IMPLICIT_RETAIN_SELF = YES;
				CLANG_WARN_OBJC_LITERAL_CONVERSION = YES;
				CLANG_WARN_OBJC_ROOT_CLASS = YES_ERROR;
				CLANG_WARN_QUOTED_INCLUDE_IN_FRAMEWORK_HEADER = YES;
				CLANG_WARN_RANGE_LOOP_ANALYSIS = YES;
				CLANG_WARN_STRICT_PROTOTYPES = YES;
				CLANG_WARN_SUSPICIOUS_MOVE = YES;
				CLANG_WARN_UNGUARDED_AVAILABILITY = YES_AGGRESSIVE;
				CLANG_WARN_UNREACHABLE_CODE = YES;
				CLANG_WARN__DUPLICATE_METHOD_MATCH = YES;
				COPY_PHASE_STRIP = NO;
				DEBUG_INFORMATION_FORMAT = "dwarf-with-dsym";
				ENABLE_NS_ASSERTIONS = NO;
				ENABLE_STRICT_OBJC_MSGSEND = YES;
				GCC_C_LANGUAGE_STANDARD = gnu11;
				GCC_NO_COMMON_BLOCKS = YES;
				GCC_WARN_64_TO_32_BIT_CONVERSION = YES;
				GCC_WARN_ABOUT_RETURN_TYPE = YES_ERROR;
				GCC_WARN_UNDECLARED_SELECTOR = YES;
				GCC_WARN_UNINITIALIZED_AUTOS = YES_AGGRESSIVE;
				GCC_WARN_UNUSED_FUNCTION = YES;
				GCC_WARN_UNUSED_VARIABLE = YES;
				IPHONEOS_DEPLOYMENT_TARGET = 14.0;
				MTL_ENABLE_DEBUG_INFO = NO;
				MTL_FAST_MATH = YES;
				SDKROOT = iphoneos;
				SWIFT_COMPILATION_MODE = wholemodule;
				SWIFT_OPTIMIZATION_LEVEL = "-O";
				VALIDATE_PRODUCT = YES;
			};
			name = Release;
		};
		68FD02382795AD2B002E78FE /* Debug */ = {
			isa = XCBuildConfiguration;
			buildSettings = {
				ASSETCATALOG_COMPILER_APPICON_NAME = AppIcon;
				ASSETCATALOG_COMPILER_GLOBAL_ACCENT_COLOR_NAME = AccentColor;
				CODE_SIGN_STYLE = Automatic;
				INFOPLIST_FILE = matDuk/Info.plist;
				LD_RUNPATH_SEARCH_PATHS = (
					"$(inherited)",
					"@executable_path/Frameworks",
				);
				PRODUCT_BUNDLE_IDENTIFIER = kr.ac.induk.tae.matDuk;
				PRODUCT_NAME = "$(TARGET_NAME)";
				SWIFT_VERSION = 5.0;
				TARGETED_DEVICE_FAMILY = "1,2";
			};
			name = Debug;
		};
		68FD02392795AD2B002E78FE /* Release */ = {
			isa = XCBuildConfiguration;
			buildSettings = {
				ASSETCATALOG_COMPILER_APPICON_NAME = AppIcon;
				ASSETCATALOG_COMPILER_GLOBAL_ACCENT_COLOR_NAME = AccentColor;
				CODE_SIGN_STYLE = Automatic;
				INFOPLIST_FILE = matDuk/Info.plist;
				LD_RUNPATH_SEARCH_PATHS = (
					"$(inherited)",
					"@executable_path/Frameworks",
				);
				PRODUCT_BUNDLE_IDENTIFIER = kr.ac.induk.tae.matDuk;
				PRODUCT_NAME = "$(TARGET_NAME)";
				SWIFT_VERSION = 5.0;
				TARGETED_DEVICE_FAMILY = "1,2";
			};
			name = Release;
		};
/* End XCBuildConfiguration section */

/* Begin XCConfigurationList section */
		68FD021E2795AD2A002E78FE /* Build configuration list for PBXProject "matDuk" */ = {
			isa = XCConfigurationList;
			buildConfigurations = (
				68FD02352795AD2B002E78FE /* Debug */,
				68FD02362795AD2B002E78FE /* Release */,
			);
			defaultConfigurationIsVisible = 0;
			defaultConfigurationName = Release;
		};
		68FD02372795AD2B002E78FE /* Build configuration list for PBXNativeTarget "matDuk" */ = {
			isa = XCConfigurationList;
			buildConfigurations = (
				68FD02382795AD2B002E78FE /* Debug */,
				68FD02392795AD2B002E78FE /* Release */,
			);
			defaultConfigurationIsVisible = 0;
			defaultConfigurationName = Release;
		};
/* End XCConfigurationList section */
	};
	rootObject = 68FD021B2795AD2A002E78FE /* Project object */;
}
